
Microsoft Visual Studio Solution File, Format Version 12.00
# Visual Studio Version 17
VisualStudioVersion = 17.4.33213.308
MinimumVisualStudioVersion = 10.0.40219.1
Project("{9A19103F-16F7-4668-BE54-9A1E7A4F7556}") = "Literati", "Literati\Literati.csproj", "{B0B4E2E6-470F-4350-9BCC-3CF8C8868BEA}"
EndProject
Global
	GlobalSection(SolutionConfigurationPlatforms) = preSolution
		Debug|Any CPU = Debug|Any CPU
		Release|Any CPU = Release|Any CPU
	EndGlobalSection
	GlobalSection(ProjectConfigurationPlatforms) = postSolution
		{B0B4E2E6-470F-4350-9BCC-3CF8C8868BEA}.Debug|Any CPU.ActiveCfg = Debug|Any CPU
		{B0B4E2E6-470F-4350-9BCC-3CF8C8868BEA}.Debug|Any CPU.Build.0 = Debug|Any CPU
		{B0B4E2E6-470F-4350-9BCC-3CF8C8868BEA}.Release|Any CPU.ActiveCfg = Release|Any CPU
		{B0B4E2E6-470F-4350-9BCC-3CF8C8868BEA}.Release|Any CPU.Build.0 = Release|Any CPU
	EndGlobalSection
	GlobalSection(SolutionProperties) = preSolution
		HideSolutionNode = FALSE
	EndGlobalSection
	GlobalSection(ExtensibilityGlobals) = postSolution
		SolutionGuid = {A7409E89-A662-4C66-AF71-B56FDA6E246C}
	EndGlobalSection
EndGlobal
